
Microsoft Visual Studio Solution File, Format Version 12.00
# Visual Studio Version 17
VisualStudioVersion = 17.14.36908.2 d17.14
MinimumVisualStudioVersion = 10.0.40219.1
Project("{FAE04EC0-301F-11D3-BF4B-00C04F79EFBC}") = "SV22T1020591.Admin", "SV22T1020591.Admin\SV22T1020591.Admin.csproj", "{4FECB7A7-5DA7-4374-9512-8BD7EDF24F88}"
EndProject
Project("{FAE04EC0-301F-11D3-BF4B-00C04F79EFBC}") = "SV22T1020591.Shop", "SV22T1020591.Shop\SV22T1020591.Shop.csproj", "{6EA1525D-989A-4BC9-BE7E-A5C24B7639A9}"
EndProject
Project("{FAE04EC0-301F-11D3-BF4B-00C04F79EFBC}") = "SV22T1020591.Models", "SV22T1020591.Models\SV22T1020591.Models.csproj", "{0F4E4A2B-5485-402B-98BF-7663599B3360}"
EndProject
Project("{FAE04EC0-301F-11D3-BF4B-00C04F79EFBC}") = "SV22T1020591.DataLayers", "SV22T1020591.DataLayers\SV22T1020591.DataLayers.csproj", "{AFCB798A-385F-409C-87AE-5349A1AF2CAB}"
EndProject
Project("{FAE04EC0-301F-11D3-BF4B-00C04F79EFBC}") = "SV22T1020591.BusinessLayers", "SV22T1020591.BusinessLayers\SV22T1020591.BusinessLayers.csproj", "{2D0DDE7A-77BA-4051-B8C4-1135AA7F79C4}"
EndProject
Project("{2150E333-8FDC-42A3-9474-1A3956D46DE8}") = "Applicaitons", "Applicaitons", "{02EA681E-C7D8-13C7-8484-4AC65E1B71E8}"
EndProject
Project("{2150E333-8FDC-42A3-9474-1A3956D46DE8}") = "Libraries", "Libraries", "{4C3CED68-7781-43D5-86AB-FF609EA1A67C}"
EndProject
Global
	GlobalSection(SolutionConfigurationPlatforms) = preSolution
		Debug|Any CPU = Debug|Any CPU
		Release|Any CPU = Release|Any CPU
	EndGlobalSection
	GlobalSection(ProjectConfigurationPlatforms) = postSolution
		{4FECB7A7-5DA7-4374-9512-8BD7EDF24F88}.Debug|Any CPU.ActiveCfg = Debug|Any CPU
		{4FECB7A7-5DA7-4374-9512-8BD7EDF24F88}.Debug|Any CPU.Build.0 = Debug|Any CPU
		{4FECB7A7-5DA7-4374-9512-8BD7EDF24F88}.Release|Any CPU.ActiveCfg = Release|Any CPU
		{4FECB7A7-5DA7-4374-9512-8BD7EDF24F88}.Release|Any CPU.Build.0 = Release|Any CPU
		{6EA1525D-989A-4BC9-BE7E-A5C24B7639A9}.Debug|Any CPU.ActiveCfg = Debug|Any CPU
		{6EA1525D-989A-4BC9-BE7E-A5C24B7639A9}.Debug|Any CPU.Build.0 = Debug|Any CPU
		{6EA1525D-989A-4BC9-BE7E-A5C24B7639A9}.Release|Any CPU.ActiveCfg = Release|Any CPU
		{6EA1525D-989A-4BC9-BE7E-A5C24B7639A9}.Release|Any CPU.Build.0 = Release|Any CPU
		{0F4E4A2B-5485-402B-98BF-7663599B3360}.Debug|Any CPU.ActiveCfg = Debug|Any CPU
		{0F4E4A2B-5485-402B-98BF-7663599B3360}.Debug|Any CPU.Build.0 = Debug|Any CPU
		{0F4E4A2B-5485-402B-98BF-7663599B3360}.Release|Any CPU.ActiveCfg = Release|Any CPU
		{0F4E4A2B-5485-402B-98BF-7663599B3360}.Release|Any CPU.Build.0 = Release|Any CPU
		{AFCB798A-385F-409C-87AE-5349A1AF2CAB}.Debug|Any CPU.ActiveCfg = Debug|Any CPU
		{AFCB798A-385F-409C-87AE-5349A1AF2CAB}.Debug|Any CPU.Build.0 = Debug|Any CPU
		{AFCB798A-385F-409C-87AE-5349A1AF2CAB}.Release|Any CPU.ActiveCfg = Release|Any CPU
		{AFCB798A-385F-409C-87AE-5349A1AF2CAB}.Release|Any CPU.Build.0 = Release|Any CPU
		{2D0DDE7A-77BA-4051-B8C4-1135AA7F79C4}.Debug|Any CPU.ActiveCfg = Debug|Any CPU
		{2D0DDE7A-77BA-4051-B8C4-1135AA7F79C4}.Debug|Any CPU.Build.0 = Debug|Any CPU
		{2D0DDE7A-77BA-4051-B8C4-1135AA7F79C4}.Release|Any CPU.ActiveCfg = Release|Any CPU
		{2D0DDE7A-77BA-4051-B8C4-1135AA7F79C4}.Release|Any CPU.Build.0 = Release|Any CPU
	EndGlobalSection
	GlobalSection(SolutionProperties) = preSolution
		HideSolutionNode = FALSE
	EndGlobalSection
	GlobalSection(NestedProjects) = preSolution
		{4FECB7A7-5DA7-4374-9512-8BD7EDF24F88} = {02EA681E-C7D8-13C7-8484-4AC65E1B71E8}
		{6EA1525D-989A-4BC9-BE7E-A5C24B7639A9} = {02EA681E-C7D8-13C7-8484-4AC65E1B71E8}
		{0F4E4A2B-5485-402B-98BF-7663599B3360} = {4C3CED68-7781-43D5-86AB-FF609EA1A67C}
		{AFCB798A-385F-409C-87AE-5349A1AF2CAB} = {4C3CED68-7781-43D5-86AB-FF609EA1A67C}
		{2D0DDE7A-77BA-4051-B8C4-1135AA7F79C4} = {4C3CED68-7781-43D5-86AB-FF609EA1A67C}
	EndGlobalSection
	GlobalSection(ExtensibilityGlobals) = postSolution
		SolutionGuid = {65E97E9D-F5F2-4B26-9E23-E8B50FA916BA}
	EndGlobalSection
EndGlobal
